
Microsoft Visual Studio Solution File, Format Version 12.00
Project("{FAE04EC0-301F-11D3-BF4B-00C04F79EFBC}") = "ExcelToCSharpModelConverter.Core", "src\ExcelToCSharpModelConverter.Core\ExcelToCSharpModelConverter.Core.csproj", "{E04E354C-0EB5-4C35-8793-9C432E45C35D}"
EndProject
Project("{FAE04EC0-301F-11D3-BF4B-00C04F79EFBC}") = "ExcelToCSharpModelConverter.App", "src\ExcelToCSharpModelConverter.App\ExcelToCSharpModelConverter.App.csproj", "{00C4B06A-AE3A-4C9F-BA90-D1FB6D343821}"
EndProject
Project("{2150E333-8FDC-42A3-9474-1A3956D46DE8}") = "1. Core", "1. Core", "{A2A589EF-7BB2-476F-9D5B-E4C017C16A58}"
EndProject
Project("{2150E333-8FDC-42A3-9474-1A3956D46DE8}") = "3. ConsoleApp", "3. ConsoleApp", "{9C0EA3B0-DFE7-46A0-ACB6-5D96CF575400}"
EndProject
Project("{FAE04EC0-301F-11D3-BF4B-00C04F79EFBC}") = "ExcelToCSharpModelConverter.Shared", "src\ExcelToCSharpModelConverter.Shared\ExcelToCSharpModelConverter.Shared.csproj", "{0F376F27-9F78-4627-B805-191A37CE5911}"
EndProject
Project("{FAE04EC0-301F-11D3-BF4B-00C04F79EFBC}") = "ExcelToCSharpModelConverter.Reader", "src\ExcelToCSharpModelConverter.Reader\ExcelToCSharpModelConverter.Reader.csproj", "{43336F9C-26B3-44FE-835F-9DEA393F6C79}"
EndProject
Project("{2150E333-8FDC-42A3-9474-1A3956D46DE8}") = "2. App", "2. App", "{BD4616F6-A91C-4C02-9EA7-EB41EF0A6766}"
EndProject
Project("{2150E333-8FDC-42A3-9474-1A3956D46DE8}") = "4. Test", "4. Test", "{0A90413C-626F-40AF-A707-62AEC87438F4}"
EndProject
Project("{FAE04EC0-301F-11D3-BF4B-00C04F79EFBC}") = "ExcelToCSharpModelConverter.Test", "src\ExcelToCSharpModelConverter.Test\ExcelToCSharpModelConverter.Test.csproj", "{00632FCF-1E0B-4969-91BA-EF5C8C35479F}"
EndProject
Global
	GlobalSection(SolutionConfigurationPlatforms) = preSolution
		Debug|Any CPU = Debug|Any CPU
		Release|Any CPU = Release|Any CPU
	EndGlobalSection
	GlobalSection(ProjectConfigurationPlatforms) = postSolution
		{E04E354C-0EB5-4C35-8793-9C432E45C35D}.Debug|Any CPU.ActiveCfg = Debug|Any CPU
		{E04E354C-0EB5-4C35-8793-9C432E45C35D}.Debug|Any CPU.Build.0 = Debug|Any CPU
		{E04E354C-0EB5-4C35-8793-9C432E45C35D}.Release|Any CPU.ActiveCfg = Release|Any CPU
		{E04E354C-0EB5-4C35-8793-9C432E45C35D}.Release|Any CPU.Build.0 = Release|Any CPU
		{00C4B06A-AE3A-4C9F-BA90-D1FB6D343821}.Debug|Any CPU.ActiveCfg = Debug|Any CPU
		{00C4B06A-AE3A-4C9F-BA90-D1FB6D343821}.Debug|Any CPU.Build.0 = Debug|Any CPU
		{00C4B06A-AE3A-4C9F-BA90-D1FB6D343821}.Release|Any CPU.ActiveCfg = Release|Any CPU
		{00C4B06A-AE3A-4C9F-BA90-D1FB6D343821}.Release|Any CPU.Build.0 = Release|Any CPU
		{0F376F27-9F78-4627-B805-191A37CE5911}.Debug|Any CPU.ActiveCfg = Debug|Any CPU
		{0F376F27-9F78-4627-B805-191A37CE5911}.Debug|Any CPU.Build.0 = Debug|Any CPU
		{0F376F27-9F78-4627-B805-191A37CE5911}.Release|Any CPU.ActiveCfg = Release|Any CPU
		{0F376F27-9F78-4627-B805-191A37CE5911}.Release|Any CPU.Build.0 = Release|Any CPU
		{43336F9C-26B3-44FE-835F-9DEA393F6C79}.Debug|Any CPU.ActiveCfg = Debug|Any CPU
		{43336F9C-26B3-44FE-835F-9DEA393F6C79}.Debug|Any CPU.Build.0 = Debug|Any CPU
		{43336F9C-26B3-44FE-835F-9DEA393F6C79}.Release|Any CPU.ActiveCfg = Release|Any CPU
		{43336F9C-26B3-44FE-835F-9DEA393F6C79}.Release|Any CPU.Build.0 = Release|Any CPU
		{00632FCF-1E0B-4969-91BA-EF5C8C35479F}.Debug|Any CPU.ActiveCfg = Debug|Any CPU
		{00632FCF-1E0B-4969-91BA-EF5C8C35479F}.Debug|Any CPU.Build.0 = Debug|Any CPU
		{00632FCF-1E0B-4969-91BA-EF5C8C35479F}.Release|Any CPU.ActiveCfg = Release|Any CPU
		{00632FCF-1E0B-4969-91BA-EF5C8C35479F}.Release|Any CPU.Build.0 = Release|Any CPU
	EndGlobalSection
	GlobalSection(NestedProjects) = preSolution
		{E04E354C-0EB5-4C35-8793-9C432E45C35D} = {A2A589EF-7BB2-476F-9D5B-E4C017C16A58}
		{00C4B06A-AE3A-4C9F-BA90-D1FB6D343821} = {9C0EA3B0-DFE7-46A0-ACB6-5D96CF575400}
		{0F376F27-9F78-4627-B805-191A37CE5911} = {A2A589EF-7BB2-476F-9D5B-E4C017C16A58}
		{43336F9C-26B3-44FE-835F-9DEA393F6C79} = {BD4616F6-A91C-4C02-9EA7-EB41EF0A6766}
		{00632FCF-1E0B-4969-91BA-EF5C8C35479F} = {0A90413C-626F-40AF-A707-62AEC87438F4}
	EndGlobalSection
EndGlobal
