
Microsoft Visual Studio Solution File, Format Version 12.00
# Visual Studio Version 17
VisualStudioVersion = 17.5.33424.131
MinimumVisualStudioVersion = 10.0.40219.1
Project("{9A19103F-16F7-4668-BE54-9A1E7A4F7556}") = "XSharp.Core", "src\XSharp.Core\XSharp.Core.csproj", "{E04E354C-0EB5-4C35-8793-9C432E45C35D}"
EndProject
Project("{9A19103F-16F7-4668-BE54-9A1E7A4F7556}") = "XSharp.Shared", "src\XSharp.Shared\XSharp.Shared.csproj", "{0F376F27-9F78-4627-B805-191A37CE5911}"
EndProject
Global
	GlobalSection(SolutionConfigurationPlatforms) = preSolution
		Debug|Any CPU = Debug|Any CPU
		Release|Any CPU = Release|Any CPU
	EndGlobalSection
	GlobalSection(ProjectConfigurationPlatforms) = postSolution
		{E04E354C-0EB5-4C35-8793-9C432E45C35D}.Debug|Any CPU.ActiveCfg = Debug|Any CPU
		{E04E354C-0EB5-4C35-8793-9C432E45C35D}.Debug|Any CPU.Build.0 = Debug|Any CPU
		{E04E354C-0EB5-4C35-8793-9C432E45C35D}.Release|Any CPU.ActiveCfg = Release|Any CPU
		{E04E354C-0EB5-4C35-8793-9C432E45C35D}.Release|Any CPU.Build.0 = Release|Any CPU
		{0F376F27-9F78-4627-B805-191A37CE5911}.Debug|Any CPU.ActiveCfg = Debug|Any CPU
		{0F376F27-9F78-4627-B805-191A37CE5911}.Debug|Any CPU.Build.0 = Debug|Any CPU
		{0F376F27-9F78-4627-B805-191A37CE5911}.Release|Any CPU.ActiveCfg = Release|Any CPU
		{0F376F27-9F78-4627-B805-191A37CE5911}.Release|Any CPU.Build.0 = Release|Any CPU
	EndGlobalSection
	GlobalSection(SolutionProperties) = preSolution
		HideSolutionNode = FALSE
	EndGlobalSection
	GlobalSection(ExtensibilityGlobals) = postSolution
		SolutionGuid = {6ACFFD9F-51F3-4FD4-A714-48EB8870E982}
	EndGlobalSection
EndGlobal
